// !$*UTF8*$!
{
	archiveVersion = 1;
	classes = {
	};
	objectVersion = 56;
	objects = {

/* Begin PBXBuildFile section */
		BE31DCA89AEFBAC139348253 /* Pods_timer_view.framework in Frameworks */ = {isa = PBXBuildFile; fileRef = 4A484F4824E25E05B239AFD3 /* Pods_timer_view.framework */; };
		CFC58B662953355000687CA5 /* timer_viewApp.swift in Sources */ = {isa = PBXBuildFile; fileRef = CFC58B652953355000687CA5 /* timer_viewApp.swift */; };
		CFC58B682953355000687CA5 /* ContentView.swift in Sources */ = {isa = PBXBuildFile; fileRef = CFC58B672953355000687CA5 /* ContentView.swift */; };
		CFC58B6A2953355200687CA5 /* Assets.xcassets in Resources */ = {isa = PBXBuildFile; fileRef = CFC58B692953355200687CA5 /* Assets.xcassets */; };
		CFC58B6D2953355200687CA5 /* Preview Assets.xcassets in Resources */ = {isa = PBXBuildFile; fileRef = CFC58B6C2953355200687CA5 /* Preview Assets.xcassets */; };
		CFC58B7629533BA100687CA5 /* ColorConstant.swift in Sources */ = {isa = PBXBuildFile; fileRef = CFC58B7529533BA100687CA5 /* ColorConstant.swift */; };
		CFC58B7929533D0F00687CA5 /* TextNumber.swift in Sources */ = {isa = PBXBuildFile; fileRef = CFC58B7829533D0F00687CA5 /* TextNumber.swift */; };
		CFC58B7C29533D5800687CA5 /* HomeView.swift in Sources */ = {isa = PBXBuildFile; fileRef = CFC58B7B29533D5800687CA5 /* HomeView.swift */; };
		CFC58B8629533EE900687CA5 /* SFProText-Regular.ttf in Resources */ = {isa = PBXBuildFile; fileRef = CFC58B8529533EE900687CA5 /* SFProText-Regular.ttf */; };
		CFC58B8829533F0400687CA5 /* SFProText-Semibold.ttf in Resources */ = {isa = PBXBuildFile; fileRef = CFC58B8729533F0400687CA5 /* SFProText-Semibold.ttf */; };
		CFC58B8B29533FD500687CA5 /* FontConstant.swift in Sources */ = {isa = PBXBuildFile; fileRef = CFC58B8A29533FD500687CA5 /* FontConstant.swift */; };
		CFC58B8D295343F200687CA5 /* CustomCalendar.swift in Sources */ = {isa = PBXBuildFile; fileRef = CFC58B8C295343F200687CA5 /* CustomCalendar.swift */; };
		CFC58B8F29534E6D00687CA5 /* TimePicker.swift in Sources */ = {isa = PBXBuildFile; fileRef = CFC58B8E29534E6D00687CA5 /* TimePicker.swift */; };
		CFC58B9129534F6600687CA5 /* HomeVM.swift in Sources */ = {isa = PBXBuildFile; fileRef = CFC58B9029534F6600687CA5 /* HomeVM.swift */; };
		CFC58B932953502100687CA5 /* HeaderView.swift in Sources */ = {isa = PBXBuildFile; fileRef = CFC58B922953502100687CA5 /* HeaderView.swift */; };
		CFC58B95295354D800687CA5 /* Extentions.swift in Sources */ = {isa = PBXBuildFile; fileRef = CFC58B94295354D800687CA5 /* Extentions.swift */; };
		CFC58B99295358F900687CA5 /* SplashView.swift in Sources */ = {isa = PBXBuildFile; fileRef = CFC58B98295358F900687CA5 /* SplashView.swift */; };
/* End PBXBuildFile section */

/* Begin PBXFileReference section */
		2617B62B8E03F7FA7ED4CBBE /* Pods-timer_view.release.xcconfig */ = {isa = PBXFileReference; includeInIndex = 1; lastKnownFileType = text.xcconfig; name = "Pods-timer_view.release.xcconfig"; path = "Target Support Files/Pods-timer_view/Pods-timer_view.release.xcconfig"; sourceTree = "<group>"; };
		48289AEC0E92BB4E8B943BA3 /* Pods-timer_view.debug.xcconfig */ = {isa = PBXFileReference; includeInIndex = 1; lastKnownFileType = text.xcconfig; name = "Pods-timer_view.debug.xcconfig"; path = "Target Support Files/Pods-timer_view/Pods-timer_view.debug.xcconfig"; sourceTree = "<group>"; };
		4A484F4824E25E05B239AFD3 /* Pods_timer_view.framework */ = {isa = PBXFileReference; explicitFileType = wrapper.framework; includeInIndex = 0; path = Pods_timer_view.framework; sourceTree = BUILT_PRODUCTS_DIR; };
		CFC58B622953355000687CA5 /* timer_view.app */ = {isa = PBXFileReference; explicitFileType = wrapper.application; includeInIndex = 0; path = timer_view.app; sourceTree = BUILT_PRODUCTS_DIR; };
		CFC58B652953355000687CA5 /* timer_viewApp.swift */ = {isa = PBXFileReference; lastKnownFileType = sourcecode.swift; path = timer_viewApp.swift; sourceTree = "<group>"; };
		CFC58B672953355000687CA5 /* ContentView.swift */ = {isa = PBXFileReference; lastKnownFileType = sourcecode.swift; path = ContentView.swift; sourceTree = "<group>"; };
		CFC58B692953355200687CA5 /* Assets.xcassets */ = {isa = PBXFileReference; lastKnownFileType = folder.assetcatalog; path = Assets.xcassets; sourceTree = "<group>"; };
		CFC58B6C2953355200687CA5 /* Preview Assets.xcassets */ = {isa = PBXFileReference; lastKnownFileType = folder.assetcatalog; path = "Preview Assets.xcassets"; sourceTree = "<group>"; };
		CFC58B7529533BA100687CA5 /* ColorConstant.swift */ = {isa = PBXFileReference; lastKnownFileType = sourcecode.swift; path = ColorConstant.swift; sourceTree = "<group>"; };
		CFC58B7829533D0F00687CA5 /* TextNumber.swift */ = {isa = PBXFileReference; lastKnownFileType = sourcecode.swift; path = TextNumber.swift; sourceTree = "<group>"; };
		CFC58B7B29533D5800687CA5 /* HomeView.swift */ = {isa = PBXFileReference; lastKnownFileType = sourcecode.swift; path = HomeView.swift; sourceTree = "<group>"; };
		CFC58B8529533EE900687CA5 /* SFProText-Regular.ttf */ = {isa = PBXFileReference; lastKnownFileType = file; name = "SFProText-Regular.ttf"; path = "../../../../../../Desktop/SFProText-Regular.ttf"; sourceTree = "<group>"; };
		CFC58B8729533F0400687CA5 /* SFProText-Semibold.ttf */ = {isa = PBXFileReference; lastKnownFileType = file; name = "SFProText-Semibold.ttf"; path = "../../../../../../Desktop/SFProText-Semibold.ttf"; sourceTree = "<group>"; };
		CFC58B8929533F7300687CA5 /* timer-view-Info.plist */ = {isa = PBXFileReference; lastKnownFileType = text.plist; path = "timer-view-Info.plist"; sourceTree = SOURCE_ROOT; };
		CFC58B8A29533FD500687CA5 /* FontConstant.swift */ = {isa = PBXFileReference; lastKnownFileType = sourcecode.swift; path = FontConstant.swift; sourceTree = "<group>"; };
		CFC58B8C295343F200687CA5 /* CustomCalendar.swift */ = {isa = PBXFileReference; lastKnownFileType = sourcecode.swift; path = CustomCalendar.swift; sourceTree = "<group>"; };
		CFC58B8E29534E6D00687CA5 /* TimePicker.swift */ = {isa = PBXFileReference; lastKnownFileType = sourcecode.swift; path = TimePicker.swift; sourceTree = "<group>"; };
		CFC58B9029534F6600687CA5 /* HomeVM.swift */ = {isa = PBXFileReference; lastKnownFileType = sourcecode.swift; path = HomeVM.swift; sourceTree = "<group>"; };
		CFC58B922953502100687CA5 /* HeaderView.swift */ = {isa = PBXFileReference; lastKnownFileType = sourcecode.swift; path = HeaderView.swift; sourceTree = "<group>"; };
		CFC58B94295354D800687CA5 /* Extentions.swift */ = {isa = PBXFileReference; lastKnownFileType = sourcecode.swift; path = Extentions.swift; sourceTree = "<group>"; };
		CFC58B98295358F900687CA5 /* SplashView.swift */ = {isa = PBXFileReference; lastKnownFileType = sourcecode.swift; path = SplashView.swift; sourceTree = "<group>"; };
/* End PBXFileReference section */

/* Begin PBXFrameworksBuildPhase section */
		CFC58B5F2953355000687CA5 /* Frameworks */ = {
			isa = PBXFrameworksBuildPhase;
			buildActionMask = 2147483647;
			files = (
				BE31DCA89AEFBAC139348253 /* Pods_timer_view.framework in Frameworks */,
			);
			runOnlyForDeploymentPostprocessing = 0;
		};
/* End PBXFrameworksBuildPhase section */

/* Begin PBXGroup section */
		0C11DCFA647DCF6B2FF94F30 /* Frameworks */ = {
			isa = PBXGroup;
			children = (
				4A484F4824E25E05B239AFD3 /* Pods_timer_view.framework */,
			);
			name = Frameworks;
			sourceTree = "<group>";
		};
		0D31BCC3687F8A433BB0DBC2 /* Pods */ = {
			isa = PBXGroup;
			children = (
				48289AEC0E92BB4E8B943BA3 /* Pods-timer_view.debug.xcconfig */,
				2617B62B8E03F7FA7ED4CBBE /* Pods-timer_view.release.xcconfig */,
			);
			path = Pods;
			sourceTree = "<group>";
		};
		CFC58B592953355000687CA5 = {
			isa = PBXGroup;
			children = (
				CFC58B642953355000687CA5 /* timer_view */,
				CFC58B632953355000687CA5 /* Products */,
				0D31BCC3687F8A433BB0DBC2 /* Pods */,
				0C11DCFA647DCF6B2FF94F30 /* Frameworks */,
			);
			sourceTree = "<group>";
		};
		CFC58B632953355000687CA5 /* Products */ = {
			isa = PBXGroup;
			children = (
				CFC58B622953355000687CA5 /* timer_view.app */,
			);
			name = Products;
			sourceTree = "<group>";
		};
		CFC58B642953355000687CA5 /* timer_view */ = {
			isa = PBXGroup;
			children = (
				CFC58B8929533F7300687CA5 /* timer-view-Info.plist */,
				CFC58B7729533CEF00687CA5 /* App */,
				CFC58B7A29533D4000687CA5 /* Views+ViewModel */,
				CFC58B7429533B8500687CA5 /* Utility */,
				CFC58B692953355200687CA5 /* Assets.xcassets */,
				CFC58B6B2953355200687CA5 /* Preview Content */,
			);
			path = timer_view;
			sourceTree = "<group>";
		};
		CFC58B6B2953355200687CA5 /* Preview Content */ = {
			isa = PBXGroup;
			children = (
				CFC58B6C2953355200687CA5 /* Preview Assets.xcassets */,
			);
			path = "Preview Content";
			sourceTree = "<group>";
		};
		CFC58B7429533B8500687CA5 /* Utility */ = {
			isa = PBXGroup;
			children = (
				CFC58B7E29533E5F00687CA5 /* Fonts */,
				CFC58B7529533BA100687CA5 /* ColorConstant.swift */,
				CFC58B8A29533FD500687CA5 /* FontConstant.swift */,
				CFC58B94295354D800687CA5 /* Extentions.swift */,
			);
			path = Utility;
			sourceTree = "<group>";
		};
		CFC58B7729533CEF00687CA5 /* App */ = {
			isa = PBXGroup;
			children = (
				CFC58B652953355000687CA5 /* timer_viewApp.swift */,
				CFC58B672953355000687CA5 /* ContentView.swift */,
			);
			path = App;
			sourceTree = "<group>";
		};
		CFC58B7A29533D4000687CA5 /* Views+ViewModel */ = {
			isa = PBXGroup;
			children = (
				CFC58B97295358DB00687CA5 /* Splash */,
				CFC58B96295358D300687CA5 /* Home */,
			);
			path = "Views+ViewModel";
			sourceTree = "<group>";
		};
		CFC58B7D29533D9600687CA5 /* components */ = {
			isa = PBXGroup;
			children = (
				CFC58B7829533D0F00687CA5 /* TextNumber.swift */,
				CFC58B8C295343F200687CA5 /* CustomCalendar.swift */,
				CFC58B8E29534E6D00687CA5 /* TimePicker.swift */,
				CFC58B922953502100687CA5 /* HeaderView.swift */,
			);
			path = components;
			sourceTree = "<group>";
		};
		CFC58B7E29533E5F00687CA5 /* Fonts */ = {
			isa = PBXGroup;
			children = (
				CFC58B8729533F0400687CA5 /* SFProText-Semibold.ttf */,
				CFC58B8529533EE900687CA5 /* SFProText-Regular.ttf */,
			);
			path = Fonts;
			sourceTree = "<group>";
		};
		CFC58B96295358D300687CA5 /* Home */ = {
			isa = PBXGroup;
			children = (
				CFC58B7D29533D9600687CA5 /* components */,
				CFC58B7B29533D5800687CA5 /* HomeView.swift */,
				CFC58B9029534F6600687CA5 /* HomeVM.swift */,
			);
			path = Home;
			sourceTree = "<group>";
		};
		CFC58B97295358DB00687CA5 /* Splash */ = {
			isa = PBXGroup;
			children = (
				CFC58B98295358F900687CA5 /* SplashView.swift */,
			);
			path = Splash;
			sourceTree = "<group>";
		};
/* End PBXGroup section */

/* Begin PBXNativeTarget section */
		CFC58B612953355000687CA5 /* timer_view */ = {
			isa = PBXNativeTarget;
			buildConfigurationList = CFC58B702953355200687CA5 /* Build configuration list for PBXNativeTarget "timer_view" */;
			buildPhases = (
				D506886F28080EDE094CB4FD /* [CP] Check Pods Manifest.lock */,
				CFC58B5E2953355000687CA5 /* Sources */,
				CFC58B5F2953355000687CA5 /* Frameworks */,
				CFC58B602953355000687CA5 /* Resources */,
				A43E4C8E937D41F5B9B22B10 /* [CP] Embed Pods Frameworks */,
			);
			buildRules = (
			);
			dependencies = (
			);
			name = timer_view;
			productName = timer_view;
			productReference = CFC58B622953355000687CA5 /* timer_view.app */;
			productType = "com.apple.product-type.application";
		};
/* End PBXNativeTarget section */

/* Begin PBXProject section */
		CFC58B5A2953355000687CA5 /* Project object */ = {
			isa = PBXProject;
			attributes = {
				BuildIndependentTargetsInParallel = 1;
				LastSwiftUpdateCheck = 1420;
				LastUpgradeCheck = 1420;
				TargetAttributes = {
					CFC58B612953355000687CA5 = {
						CreatedOnToolsVersion = 14.2;
					};
				};
			};
			buildConfigurationList = CFC58B5D2953355000687CA5 /* Build configuration list for PBXProject "timer_view" */;
			compatibilityVersion = "Xcode 14.0";
			developmentRegion = en;
			hasScannedForEncodings = 0;
			knownRegions = (
				en,
				Base,
			);
			mainGroup = CFC58B592953355000687CA5;
			productRefGroup = CFC58B632953355000687CA5 /* Products */;
			projectDirPath = "";
			projectRoot = "";
			targets = (
				CFC58B612953355000687CA5 /* timer_view */,
			);
		};
/* End PBXProject section */

/* Begin PBXResourcesBuildPhase section */
		CFC58B602953355000687CA5 /* Resources */ = {
			isa = PBXResourcesBuildPhase;
			buildActionMask = 2147483647;
			files = (
				CFC58B8829533F0400687CA5 /* SFProText-Semibold.ttf in Resources */,
				CFC58B8629533EE900687CA5 /* SFProText-Regular.ttf in Resources */,
				CFC58B6D2953355200687CA5 /* Preview Assets.xcassets in Resources */,
				CFC58B6A2953355200687CA5 /* Assets.xcassets in Resources */,
			);
			runOnlyForDeploymentPostprocessing = 0;
		};
/* End PBXResourcesBuildPhase section */

/* Begin PBXShellScriptBuildPhase section */
		A43E4C8E937D41F5B9B22B10 /* [CP] Embed Pods Frameworks */ = {
			isa = PBXShellScriptBuildPhase;
			buildActionMask = 2147483647;
			files = (
			);
			inputFileListPaths = (
				"${PODS_ROOT}/Target Support Files/Pods-timer_view/Pods-timer_view-frameworks-${CONFIGURATION}-input-files.xcfilelist",
			);
			name = "[CP] Embed Pods Frameworks";
			outputFileListPaths = (
				"${PODS_ROOT}/Target Support Files/Pods-timer_view/Pods-timer_view-frameworks-${CONFIGURATION}-output-files.xcfilelist",
			);
			runOnlyForDeploymentPostprocessing = 0;
			shellPath = /bin/sh;
			shellScript = "\"${PODS_ROOT}/Target Support Files/Pods-timer_view/Pods-timer_view-frameworks.sh\"\n";
			showEnvVarsInLog = 0;
		};
		D506886F28080EDE094CB4FD /* [CP] Check Pods Manifest.lock */ = {
			isa = PBXShellScriptBuildPhase;
			buildActionMask = 2147483647;
			files = (
			);
			inputFileListPaths = (
			);
			inputPaths = (
				"${PODS_PODFILE_DIR_PATH}/Podfile.lock",
				"${PODS_ROOT}/Manifest.lock",
			);
			name = "[CP] Check Pods Manifest.lock";
			outputFileListPaths = (
			);
			outputPaths = (
				"$(DERIVED_FILE_DIR)/Pods-timer_view-checkManifestLockResult.txt",
			);
			runOnlyForDeploymentPostprocessing = 0;
			shellPath = /bin/sh;
			shellScript = "diff \"${PODS_PODFILE_DIR_PATH}/Podfile.lock\" \"${PODS_ROOT}/Manifest.lock\" > /dev/null\nif [ $? != 0 ] ; then\n    # print error to STDERR\n    echo \"error: The sandbox is not in sync with the Podfile.lock. Run 'pod install' or update your CocoaPods installation.\" >&2\n    exit 1\nfi\n# This output is used by Xcode 'outputs' to avoid re-running this script phase.\necho \"SUCCESS\" > \"${SCRIPT_OUTPUT_FILE_0}\"\n";
			showEnvVarsInLog = 0;
		};
/* End PBXShellScriptBuildPhase section */

/* Begin PBXSourcesBuildPhase section */
		CFC58B5E2953355000687CA5 /* Sources */ = {
			isa = PBXSourcesBuildPhase;
			buildActionMask = 2147483647;
			files = (
				CFC58B8F29534E6D00687CA5 /* TimePicker.swift in Sources */,
				CFC58B8B29533FD500687CA5 /* FontConstant.swift in Sources */,
				CFC58B682953355000687CA5 /* ContentView.swift in Sources */,
				CFC58B95295354D800687CA5 /* Extentions.swift in Sources */,
				CFC58B9129534F6600687CA5 /* HomeVM.swift in Sources */,
				CFC58B99295358F900687CA5 /* SplashView.swift in Sources */,
				CFC58B7929533D0F00687CA5 /* TextNumber.swift in Sources */,
				CFC58B932953502100687CA5 /* HeaderView.swift in Sources */,
				CFC58B662953355000687CA5 /* timer_viewApp.swift in Sources */,
				CFC58B8D295343F200687CA5 /* CustomCalendar.swift in Sources */,
				CFC58B7C29533D5800687CA5 /* HomeView.swift in Sources */,
				CFC58B7629533BA100687CA5 /* ColorConstant.swift in Sources */,
			);
			runOnlyForDeploymentPostprocessing = 0;
		};
/* End PBXSourcesBuildPhase section */

/* Begin XCBuildConfiguration section */
		CFC58B6E2953355200687CA5 /* Debug */ = {
			isa = XCBuildConfiguration;
			buildSettings = {
				ALWAYS_SEARCH_USER_PATHS = NO;
				CLANG_ANALYZER_NONNULL = YES;
				CLANG_ANALYZER_NUMBER_OBJECT_CONVERSION = YES_AGGRESSIVE;
				CLANG_CXX_LANGUAGE_STANDARD = "gnu++20";
				CLANG_ENABLE_MODULES = YES;
				CLANG_ENABLE_OBJC_ARC = YES;
				CLANG_ENABLE_OBJC_WEAK = YES;
				CLANG_WARN_BLOCK_CAPTURE_AUTORELEASING = YES;
				CLANG_WARN_BOOL_CONVERSION = YES;
				CLANG_WARN_COMMA = YES;
				CLANG_WARN_CONSTANT_CONVERSION = YES;
				CLANG_WARN_DEPRECATED_OBJC_IMPLEMENTATIONS = YES;
				CLANG_WARN_DIRECT_OBJC_ISA_USAGE = YES_ERROR;
				CLANG_WARN_DOCUMENTATION_COMMENTS = YES;
				CLANG_WARN_EMPTY_BODY = YES;
				CLANG_WARN_ENUM_CONVERSION = YES;
				CLANG_WARN_INFINITE_RECURSION = YES;
				CLANG_WARN_INT_CONVERSION = YES;
				CLANG_WARN_NON_LITERAL_NULL_CONVERSION = YES;
				CLANG_WARN_OBJC_IMPLICIT_RETAIN_SELF = YES;
				CLANG_WARN_OBJC_LITERAL_CONVERSION = YES;
				CLANG_WARN_OBJC_ROOT_CLASS = YES_ERROR;
				CLANG_WARN_QUOTED_INCLUDE_IN_FRAMEWORK_HEADER = YES;
				CLANG_WARN_RANGE_LOOP_ANALYSIS = YES;
				CLANG_WARN_STRICT_PROTOTYPES = YES;
				CLANG_WARN_SUSPICIOUS_MOVE = YES;
				CLANG_WARN_UNGUARDED_AVAILABILITY = YES_AGGRESSIVE;
				CLANG_WARN_UNREACHABLE_CODE = YES;
				CLANG_WARN__DUPLICATE_METHOD_MATCH = YES;
				COPY_PHASE_STRIP = NO;
				DEBUG_INFORMATION_FORMAT = dwarf;
				ENABLE_STRICT_OBJC_MSGSEND = YES;
				ENABLE_TESTABILITY = YES;
				GCC_C_LANGUAGE_STANDARD = gnu11;
				GCC_DYNAMIC_NO_PIC = NO;
				GCC_NO_COMMON_BLOCKS = YES;
				GCC_OPTIMIZATION_LEVEL = 0;
				GCC_PREPROCESSOR_DEFINITIONS = (
					"DEBUG=1",
					"$(inherited)",
				);
				GCC_WARN_64_TO_32_BIT_CONVERSION = YES;
				GCC_WARN_ABOUT_RETURN_TYPE = YES_ERROR;
				GCC_WARN_UNDECLARED_SELECTOR = YES;
				GCC_WARN_UNINITIALIZED_AUTOS = YES_AGGRESSIVE;
				GCC_WARN_UNUSED_FUNCTION = YES;
				GCC_WARN_UNUSED_VARIABLE = YES;
				IPHONEOS_DEPLOYMENT_TARGET = 16.2;
				MTL_ENABLE_DEBUG_INFO = INCLUDE_SOURCE;
				MTL_FAST_MATH = YES;
				ONLY_ACTIVE_ARCH = YES;
				SDKROOT = iphoneos;
				SWIFT_ACTIVE_COMPILATION_CONDITIONS = DEBUG;
				SWIFT_OPTIMIZATION_LEVEL = "-Onone";
			};
			name = Debug;
		};
		CFC58B6F2953355200687CA5 /* Release */ = {
			isa = XCBuildConfiguration;
			buildSettings = {
				ALWAYS_SEARCH_USER_PATHS = NO;
				CLANG_ANALYZER_NONNULL = YES;
				CLANG_ANALYZER_NUMBER_OBJECT_CONVERSION = YES_AGGRESSIVE;
				CLANG_CXX_LANGUAGE_STANDARD = "gnu++20";
				CLANG_ENABLE_MODULES = YES;
				CLANG_ENABLE_OBJC_ARC = YES;
				CLANG_ENABLE_OBJC_WEAK = YES;
				CLANG_WARN_BLOCK_CAPTURE_AUTORELEASING = YES;
				CLANG_WARN_BOOL_CONVERSION = YES;
				CLANG_WARN_COMMA = YES;
				CLANG_WARN_CONSTANT_CONVERSION = YES;
				CLANG_WARN_DEPRECATED_OBJC_IMPLEMENTATIONS = YES;
				CLANG_WARN_DIRECT_OBJC_ISA_USAGE = YES_ERROR;
				CLANG_WARN_DOCUMENTATION_COMMENTS = YES;
				CLANG_WARN_EMPTY_BODY = YES;
				CLANG_WARN_ENUM_CONVERSION = YES;
				CLANG_WARN_INFINITE_RECURSION = YES;
				CLANG_WARN_INT_CONVERSION = YES;
				CLANG_WARN_NON_LITERAL_NULL_CONVERSION = YES;
				CLANG_WARN_OBJC_IMPLICIT_RETAIN_SELF = YES;
				CLANG_WARN_OBJC_LITERAL_CONVERSION = YES;
				CLANG_WARN_OBJC_ROOT_CLASS = YES_ERROR;
				CLANG_WARN_QUOTED_INCLUDE_IN_FRAMEWORK_HEADER = YES;
				CLANG_WARN_RANGE_LOOP_ANALYSIS = YES;
				CLANG_WARN_STRICT_PROTOTYPES = YES;
				CLANG_WARN_SUSPICIOUS_MOVE = YES;
				CLANG_WARN_UNGUARDED_AVAILABILITY = YES_AGGRESSIVE;
				CLANG_WARN_UNREACHABLE_CODE = YES;
				CLANG_WARN__DUPLICATE_METHOD_MATCH = YES;
				COPY_PHASE_STRIP = NO;
				DEBUG_INFORMATION_FORMAT = "dwarf-with-dsym";
				ENABLE_NS_ASSERTIONS = NO;
				ENABLE_STRICT_OBJC_MSGSEND = YES;
				GCC_C_LANGUAGE_STANDARD = gnu11;
				GCC_NO_COMMON_BLOCKS = YES;
				GCC_WARN_64_TO_32_BIT_CONVERSION = YES;
				GCC_WARN_ABOUT_RETURN_TYPE = YES_ERROR;
				GCC_WARN_UNDECLARED_SELECTOR = YES;
				GCC_WARN_UNINITIALIZED_AUTOS = YES_AGGRESSIVE;
				GCC_WARN_UNUSED_FUNCTION = YES;
				GCC_WARN_UNUSED_VARIABLE = YES;
				IPHONEOS_DEPLOYMENT_TARGET = 16.2;
				MTL_ENABLE_DEBUG_INFO = NO;
				MTL_FAST_MATH = YES;
				SDKROOT = iphoneos;
				SWIFT_COMPILATION_MODE = wholemodule;
				SWIFT_OPTIMIZATION_LEVEL = "-O";
				VALIDATE_PRODUCT = YES;
			};
			name = Release;
		};
		CFC58B712953355200687CA5 /* Debug */ = {
			isa = XCBuildConfiguration;
			baseConfigurationReference = 48289AEC0E92BB4E8B943BA3 /* Pods-timer_view.debug.xcconfig */;
			buildSettings = {
				ASSETCATALOG_COMPILER_APPICON_NAME = AppIcon;
				ASSETCATALOG_COMPILER_GLOBAL_ACCENT_COLOR_NAME = AccentColor;
				CODE_SIGN_STYLE = Automatic;
				CURRENT_PROJECT_VERSION = 1;
				DEVELOPMENT_ASSET_PATHS = "\"timer_view/Preview Content\"";
				ENABLE_PREVIEWS = YES;
				GENERATE_INFOPLIST_FILE = YES;
				INFOPLIST_FILE = "timer-view-Info.plist";
				INFOPLIST_KEY_UIApplicationSceneManifest_Generation = YES;
				INFOPLIST_KEY_UIApplicationSupportsIndirectInputEvents = YES;
				INFOPLIST_KEY_UILaunchScreen_Generation = YES;
				INFOPLIST_KEY_UISupportedInterfaceOrientations_iPad = "UIInterfaceOrientationPortrait UIInterfaceOrientationPortraitUpsideDown UIInterfaceOrientationLandscapeLeft UIInterfaceOrientationLandscapeRight";
				INFOPLIST_KEY_UISupportedInterfaceOrientations_iPhone = "UIInterfaceOrientationPortrait UIInterfaceOrientationLandscapeLeft UIInterfaceOrientationLandscapeRight";
				LD_RUNPATH_SEARCH_PATHS = (
					"$(inherited)",
					"@executable_path/Frameworks",
				);
				MARKETING_VERSION = 1.0;
				PRODUCT_BUNDLE_IDENTIFIER = "com.kaviya.timer-view";
				PRODUCT_NAME = "$(TARGET_NAME)";
				SWIFT_EMIT_LOC_STRINGS = YES;
				SWIFT_VERSION = 5.0;
				TARGETED_DEVICE_FAMILY = "1,2";
			};
			name = Debug;
		};
		CFC58B722953355200687CA5 /* Release */ = {
			isa = XCBuildConfiguration;
			baseConfigurationReference = 2617B62B8E03F7FA7ED4CBBE /* Pods-timer_view.release.xcconfig */;
			buildSettings = {
				ASSETCATALOG_COMPILER_APPICON_NAME = AppIcon;
				ASSETCATALOG_COMPILER_GLOBAL_ACCENT_COLOR_NAME = AccentColor;
				CODE_SIGN_STYLE = Automatic;
				CURRENT_PROJECT_VERSION = 1;
				DEVELOPMENT_ASSET_PATHS = "\"timer_view/Preview Content\"";
				ENABLE_PREVIEWS = YES;
				GENERATE_INFOPLIST_FILE = YES;
				INFOPLIST_FILE = "timer-view-Info.plist";
				INFOPLIST_KEY_UIApplicationSceneManifest_Generation = YES;
				INFOPLIST_KEY_UIApplicationSupportsIndirectInputEvents = YES;
				INFOPLIST_KEY_UILaunchScreen_Generation = YES;
				INFOPLIST_KEY_UISupportedInterfaceOrientations_iPad = "UIInterfaceOrientationPortrait UIInterfaceOrientationPortraitUpsideDown UIInterfaceOrientationLandscapeLeft UIInterfaceOrientationLandscapeRight";
				INFOPLIST_KEY_UISupportedInterfaceOrientations_iPhone = "UIInterfaceOrientationPortrait UIInterfaceOrientationLandscapeLeft UIInterfaceOrientationLandscapeRight";
				LD_RUNPATH_SEARCH_PATHS = (
					"$(inherited)",
					"@executable_path/Frameworks",
				);
				MARKETING_VERSION = 1.0;
				PRODUCT_BUNDLE_IDENTIFIER = "com.kaviya.timer-view";
				PRODUCT_NAME = "$(TARGET_NAME)";
				SWIFT_EMIT_LOC_STRINGS = YES;
				SWIFT_VERSION = 5.0;
				TARGETED_DEVICE_FAMILY = "1,2";
			};
			name = Release;
		};
/* End XCBuildConfiguration section */

/* Begin XCConfigurationList section */
		CFC58B5D2953355000687CA5 /* Build configuration list for PBXProject "timer_view" */ = {
			isa = XCConfigurationList;
			buildConfigurations = (
				CFC58B6E2953355200687CA5 /* Debug */,
				CFC58B6F2953355200687CA5 /* Release */,
			);
			defaultConfigurationIsVisible = 0;
			defaultConfigurationName = Release;
		};
		CFC58B702953355200687CA5 /* Build configuration list for PBXNativeTarget "timer_view" */ = {
			isa = XCConfigurationList;
			buildConfigurations = (
				CFC58B712953355200687CA5 /* Debug */,
				CFC58B722953355200687CA5 /* Release */,
			);
			defaultConfigurationIsVisible = 0;
			defaultConfigurationName = Release;
		};
/* End XCConfigurationList section */
	};
	rootObject = CFC58B5A2953355000687CA5 /* Project object */;
}
